
Microsoft Visual Studio Solution File, Format Version 12.00
# Visual Studio 14
VisualStudioVersion = 14.0.23107.0
MinimumVisualStudioVersion = 10.0.40219.1
Project("{FAE04EC0-301F-11D3-BF4B-00C04F79EFBC}") = "UFOProject", "UFOProject\UFOProject.csproj", "{21AA70C3-5382-4D0D-B361-B6FE4884A5DD}"
EndProject
Global
	GlobalSection(SolutionConfigurationPlatforms) = preSolution
		Debug|Any CPU = Debug|Any CPU
		Release|Any CPU = Release|Any CPU
	EndGlobalSection
	GlobalSection(ProjectConfigurationPlatforms) = postSolution
		{21AA70C3-5382-4D0D-B361-B6FE4884A5DD}.Debug|Any CPU.ActiveCfg = Debug|Any CPU
		{21AA70C3-5382-4D0D-B361-B6FE4884A5DD}.Debug|Any CPU.Build.0 = Debug|Any CPU
		{21AA70C3-5382-4D0D-B361-B6FE4884A5DD}.Release|Any CPU.ActiveCfg = Release|Any CPU
		{21AA70C3-5382-4D0D-B361-B6FE4884A5DD}.Release|Any CPU.Build.0 = Release|Any CPU
	EndGlobalSection
	GlobalSection(SolutionProperties) = preSolution
		HideSolutionNode = FALSE
	EndGlobalSection
EndGlobal
